
Microsoft Visual Studio Solution File, Format Version 12.00
# Visual Studio Version 16
VisualStudioVersion = 16.0.29609.76
MinimumVisualStudioVersion = 10.0.40219.1
Project("{FAE04EC0-301F-11D3-BF4B-00C04F79EFBC}") = "HW18", "HW18\HW18.csproj", "{756291E6-DC99-46B9-B52E-02F8B8010B02}"
EndProject
Global
	GlobalSection(SolutionConfigurationPlatforms) = preSolution
		Debug|Any CPU = Debug|Any CPU
		Release|Any CPU = Release|Any CPU
	EndGlobalSection
	GlobalSection(ProjectConfigurationPlatforms) = postSolution
		{756291E6-DC99-46B9-B52E-02F8B8010B02}.Debug|Any CPU.ActiveCfg = Debug|Any CPU
		{756291E6-DC99-46B9-B52E-02F8B8010B02}.Debug|Any CPU.Build.0 = Debug|Any CPU
		{756291E6-DC99-46B9-B52E-02F8B8010B02}.Release|Any CPU.ActiveCfg = Release|Any CPU
		{756291E6-DC99-46B9-B52E-02F8B8010B02}.Release|Any CPU.Build.0 = Release|Any CPU
	EndGlobalSection
	GlobalSection(SolutionProperties) = preSolution
		HideSolutionNode = FALSE
	EndGlobalSection
	GlobalSection(ExtensibilityGlobals) = postSolution
		SolutionGuid = {B81309A9-BB93-4540-BA61-04C1DD26684F}
	EndGlobalSection
EndGlobal
